{
  "requires": true,
  "lockfileVersion": 1,
  "dependencies": {
    "moment": {
      "version": "2.29.1",
      "resolved": "https://registry.npmjs.org/moment/-/moment-2.29.1.tgz",
      "integrity": "sha512-kHmoybcPV8Sqy59DwNDY3Jefr64lK/by/da0ViFcuA4DH0vQg5Q6Ze5VimxkfQNSC+Mls/Kx53s7TjP1RhFEDQ=="
    },
    "moment-timezone": {
      "version": "0.5.33",
      "resolved": "https://registry.npmjs.org/moment-timezone/-/moment-timezone-0.5.33.tgz",
      "integrity": "sha512-PTc2vcT8K9J5/9rDEPe5czSIKgLoGsH8UNpA4qZTVw0Vd/Uz19geE9abbIOQKaAQFcnQ3v5YEXrbSc5BpshH+w==",
      "requires": {
        "moment": ">= 2.9.0"
      }
    },
    "react-animated-weather": {
      "version": "4.0.1",
      "resolved": "https://registry.npmjs.org/react-animated-weather/-/react-animated-weather-4.0.1.tgz",
      "integrity": "sha512-ipEa3yW3rld1UAHAmm7Bltn5BOH3O2B491R0ws51kwFtqQ6fc5KWUiBQ0e4sO/XjoeqCkAN/Y98lWx1qZMR84g=="
    },
    "react-live-clock": {
      "version": "5.0.16",
      "resolved": "https://registry.npmjs.org/react-live-clock/-/react-live-clock-5.0.16.tgz",
      "integrity": "sha512-jMDmK88oXrlLthbjNndhmnurXasGz8pkZ3Q3vx7TdswaZVu9YtPA14BpmDNQF314K9CHhvR3NfbbbNKtoXokIQ=="
    },
    "react-moment": {
      "version": "1.1.1",
      "resolved": "https://registry.npmjs.org/react-moment/-/react-moment-1.1.1.tgz",
      "integrity": "sha512-WjwvxBSnmLMRcU33do0KixDB+9vP3e84eCse+rd+HNklAMNWyRgZTDEQlay/qK6lcXFPRuEIASJTpEt6pyK7Ww=="
    }
  }
}
